
Microsoft Visual Studio Solution File, Format Version 12.00
# Visual Studio Version 17
VisualStudioVersion = 17.1.32210.238
MinimumVisualStudioVersion = 10.0.40219.1
Project("{9A19103F-16F7-4668-BE54-9A1E7A4F7556}") = "Imtihani", "Imtihani\Imtihani.csproj", "{6D1E1227-7554-4D55-9FD5-2107BB3F4B6B}"
EndProject
Global
	GlobalSection(SolutionConfigurationPlatforms) = preSolution
		Debug|Any CPU = Debug|Any CPU
		Release|Any CPU = Release|Any CPU
	EndGlobalSection
	GlobalSection(ProjectConfigurationPlatforms) = postSolution
		{6D1E1227-7554-4D55-9FD5-2107BB3F4B6B}.Debug|Any CPU.ActiveCfg = Debug|Any CPU
		{6D1E1227-7554-4D55-9FD5-2107BB3F4B6B}.Debug|Any CPU.Build.0 = Debug|Any CPU
		{6D1E1227-7554-4D55-9FD5-2107BB3F4B6B}.Release|Any CPU.ActiveCfg = Release|Any CPU
		{6D1E1227-7554-4D55-9FD5-2107BB3F4B6B}.Release|Any CPU.Build.0 = Release|Any CPU
	EndGlobalSection
	GlobalSection(SolutionProperties) = preSolution
		HideSolutionNode = FALSE
	EndGlobalSection
	GlobalSection(ExtensibilityGlobals) = postSolution
		SolutionGuid = {F13A4998-4052-4DD3-9927-BC62B276ECDC}
	EndGlobalSection
	GlobalSection(TeamFoundationVersionControl) = preSolution
		SccNumberOfProjects = 2
		SccEnterpriseProvider = {4CA58AB2-18FA-4F8D-95D4-32DDF27D184C}
		SccTeamFoundationServer = https://kensoftware.visualstudio.com/
		SccLocalPath0 = .
		SccProjectUniqueName1 = Imtihani\\Imtihani.csproj
		SccProjectName1 = Imtihani
		SccLocalPath1 = Imtihani
	EndGlobalSection
EndGlobal
